
Microsoft Visual Studio Solution File, Format Version 12.00
# Visual Studio Version 17
VisualStudioVersion = 17.9.34728.123
MinimumVisualStudioVersion = 10.0.40219.1
Project("{FAE04EC0-301F-11D3-BF4B-00C04F79EFBC}") = "TodoServerApp", "TodoServerApp\TodoServerApp.csproj", "{4522760E-1400-4ACF-93A6-D420F33E7227}"
EndProject
Global
	GlobalSection(SolutionConfigurationPlatforms) = preSolution
		Debug|Any CPU = Debug|Any CPU
		Release|Any CPU = Release|Any CPU
	EndGlobalSection
	GlobalSection(ProjectConfigurationPlatforms) = postSolution
		{4522760E-1400-4ACF-93A6-D420F33E7227}.Debug|Any CPU.ActiveCfg = Debug|Any CPU
		{4522760E-1400-4ACF-93A6-D420F33E7227}.Debug|Any CPU.Build.0 = Debug|Any CPU
		{4522760E-1400-4ACF-93A6-D420F33E7227}.Release|Any CPU.ActiveCfg = Release|Any CPU
		{4522760E-1400-4ACF-93A6-D420F33E7227}.Release|Any CPU.Build.0 = Release|Any CPU
	EndGlobalSection
	GlobalSection(SolutionProperties) = preSolution
		HideSolutionNode = FALSE
	EndGlobalSection
	GlobalSection(ExtensibilityGlobals) = postSolution
		SolutionGuid = {886CA028-99F7-480A-8DE5-BC962067E9AE}
	EndGlobalSection
EndGlobal
